
Microsoft Visual Studio Solution File, Format Version 12.00
# Visual Studio Version 16
VisualStudioVersion = 16.0.34729.46
MinimumVisualStudioVersion = 10.0.40219.1
Project("{FAE04EC0-301F-11D3-BF4B-00C04F79EFBC}") = "lab3", "lab3\lab3.csproj", "{7842C417-81C6-4BF0-A1C0-6F0C3207132A}"
EndProject
Project("{FAE04EC0-301F-11D3-BF4B-00C04F79EFBC}") = "WPF", "WPF\WPF.csproj", "{4AB537FD-34AB-42D2-AA16-20BD54257C84}"
EndProject
Global
	GlobalSection(SolutionConfigurationPlatforms) = preSolution
		Debug|Any CPU = Debug|Any CPU
		Release|Any CPU = Release|Any CPU
	EndGlobalSection
	GlobalSection(ProjectConfigurationPlatforms) = postSolution
		{7842C417-81C6-4BF0-A1C0-6F0C3207132A}.Debug|Any CPU.ActiveCfg = Debug|Any CPU
		{7842C417-81C6-4BF0-A1C0-6F0C3207132A}.Debug|Any CPU.Build.0 = Debug|Any CPU
		{7842C417-81C6-4BF0-A1C0-6F0C3207132A}.Release|Any CPU.ActiveCfg = Release|Any CPU
		{7842C417-81C6-4BF0-A1C0-6F0C3207132A}.Release|Any CPU.Build.0 = Release|Any CPU
		{4AB537FD-34AB-42D2-AA16-20BD54257C84}.Debug|Any CPU.ActiveCfg = Debug|Any CPU
		{4AB537FD-34AB-42D2-AA16-20BD54257C84}.Debug|Any CPU.Build.0 = Debug|Any CPU
		{4AB537FD-34AB-42D2-AA16-20BD54257C84}.Release|Any CPU.ActiveCfg = Release|Any CPU
		{4AB537FD-34AB-42D2-AA16-20BD54257C84}.Release|Any CPU.Build.0 = Release|Any CPU
	EndGlobalSection
	GlobalSection(SolutionProperties) = preSolution
		HideSolutionNode = FALSE
	EndGlobalSection
	GlobalSection(ExtensibilityGlobals) = postSolution
		SolutionGuid = {C21DFD15-5505-47A9-B5D0-64FF412503B7}
	EndGlobalSection
EndGlobal
